Microsoft Visual Studio Solution File, Format Version 12.00
# Visual Studio Version 16
VisualStudioVersion = 16.0.29911.84
MinimumVisualStudioVersion = 10.0.40219.1
Project("{FAE04EC0-301F-11D3-BF4B-00C04F79EFBC}") = "KanbanStockpile", "KanbanStockpile.csproj", "{7A2AFCE7-5B32-4BBB-8BFC-3B1D0C80215D}"
EndProject
Global
	GlobalSection(SolutionConfigurationPlatforms) = preSolution
		Debug|Any CPU = Debug|Any CPU
		Release|Any CPU = Release|Any CPU
		R-Logs|Any CPU = R-Logs|Any CPU
	EndGlobalSection
	GlobalSection(ProjectConfigurationPlatforms) = postSolution
		{7A2AFCE7-5B32-4BBB-8BFC-3B1D0C80215D}.Debug|Any CPU.ActiveCfg = Debug|Any CPU
		{7A2AFCE7-5B32-4BBB-8BFC-3B1D0C80215D}.Debug|Any CPU.Build.0 = Debug|Any CPU
		{7A2AFCE7-5B32-4BBB-8BFC-3B1D0C80215D}.Release|Any CPU.ActiveCfg = Release|Any CPU
		{7A2AFCE7-5B32-4BBB-8BFC-3B1D0C80215D}.Release|Any CPU.Build.0 = Release|Any CPU
		{7A2AFCE7-5B32-4BBB-8BFC-3B1D0C80215D}.R-Logs|Any CPU.ActiveCfg = R-Logs|Any CPU
		{7A2AFCE7-5B32-4BBB-8BFC-3B1D0C80215D}.R-Logs|Any CPU.Build.0 = R-Logs|Any CPU
	EndGlobalSection
	GlobalSection(SolutionProperties) = preSolution
		HideSolutionNode = FALSE
	EndGlobalSection
	GlobalSection(ExtensibilityGlobals) = postSolution
		SolutionGuid = {4071A74E-5952-40B6-A117-997AEEB8460D}
	EndGlobalSection
EndGlobal
